
Microsoft Visual Studio Solution File, Format Version 12.00
# Visual Studio Version 17
VisualStudioVersion = 17.1.32228.430
MinimumVisualStudioVersion = 10.0.40219.1
Project("{FAE04EC0-301F-11D3-BF4B-00C04F79EFBC}") = "ListView", "ListView\ListView.csproj", "{D201CE3B-D342-4DB3-96A5-B70472261289}"
EndProject
Global
	GlobalSection(SolutionConfigurationPlatforms) = preSolution
		Debug|Any CPU = Debug|Any CPU
		Release|Any CPU = Release|Any CPU
	EndGlobalSection
	GlobalSection(ProjectConfigurationPlatforms) = postSolution
		{D201CE3B-D342-4DB3-96A5-B70472261289}.Debug|Any CPU.ActiveCfg = Debug|Any CPU
		{D201CE3B-D342-4DB3-96A5-B70472261289}.Debug|Any CPU.Build.0 = Debug|Any CPU
		{D201CE3B-D342-4DB3-96A5-B70472261289}.Release|Any CPU.ActiveCfg = Release|Any CPU
		{D201CE3B-D342-4DB3-96A5-B70472261289}.Release|Any CPU.Build.0 = Release|Any CPU
	EndGlobalSection
	GlobalSection(SolutionProperties) = preSolution
		HideSolutionNode = FALSE
	EndGlobalSection
	GlobalSection(ExtensibilityGlobals) = postSolution
		SolutionGuid = {E43C4601-9017-4471-887E-E654339E217E}
	EndGlobalSection
EndGlobal
